
Microsoft Visual Studio Solution File, Format Version 12.00
# Visual Studio 15
VisualStudioVersion = 15.0.27004.2002
MinimumVisualStudioVersion = 10.0.40219.1
Project("{9A19103F-16F7-4668-BE54-9A1E7A4F7556}") = "CoreFrameWork", "CoreFrameWork\CoreFrameWork.csproj", "{9B743296-B837-4282-A4BE-9FF2D1DE0D6A}"
EndProject
Project("{9A19103F-16F7-4668-BE54-9A1E7A4F7556}") = "Resources", "Resources\Resources.csproj", "{19A6F5B8-6312-48E3-8219-9EE1594D20BE}"
EndProject
Project("{9A19103F-16F7-4668-BE54-9A1E7A4F7556}") = "Entities", "Entities\Entities.csproj", "{41320B8A-A72A-4264-B19C-8B5027BCF3E6}"
EndProject
Project("{9A19103F-16F7-4668-BE54-9A1E7A4F7556}") = "Resources.Service", "Resources.Service\Resources.Service.csproj", "{852F06FE-E03B-4BAD-BA4D-FEFC9D55D06B}"
EndProject
Project("{9A19103F-16F7-4668-BE54-9A1E7A4F7556}") = "WebApp", "WebApp\WebApp.csproj", "{7B8398A6-899A-45C6-8E14-EF29E57AD9BF}"
EndProject
Project("{9A19103F-16F7-4668-BE54-9A1E7A4F7556}") = "Resources.WebApi", "Resources.WebApi\Resources.WebApi.csproj", "{0E509F41-4731-47E6-899D-6269EA3C1E29}"
EndProject
Project("{9A19103F-16F7-4668-BE54-9A1E7A4F7556}") = "Jwt.Issuer", "Jwt.Issuer\Jwt.Issuer.csproj", "{26CCBE5E-9E04-4644-BCB3-DCC66B2F856A}"
EndProject
Project("{9A19103F-16F7-4668-BE54-9A1E7A4F7556}") = "Jwt.Shared", "Jwt.Shared\Jwt.Shared.csproj", "{727DCE7C-1F7A-446D-A037-2100516D8093}"
EndProject
Project("{9A19103F-16F7-4668-BE54-9A1E7A4F7556}") = "Jwt.ConsoleDemo", "ConsoleDemo\Jwt.ConsoleDemo.csproj", "{FC6FACD3-E56E-4982-9862-29AD9089DF58}"
EndProject
Global
	GlobalSection(SolutionConfigurationPlatforms) = preSolution
		Debug|Any CPU = Debug|Any CPU
		Release|Any CPU = Release|Any CPU
	EndGlobalSection
	GlobalSection(ProjectConfigurationPlatforms) = postSolution
		{9B743296-B837-4282-A4BE-9FF2D1DE0D6A}.Debug|Any CPU.ActiveCfg = Debug|Any CPU
		{9B743296-B837-4282-A4BE-9FF2D1DE0D6A}.Debug|Any CPU.Build.0 = Debug|Any CPU
		{9B743296-B837-4282-A4BE-9FF2D1DE0D6A}.Release|Any CPU.ActiveCfg = Release|Any CPU
		{9B743296-B837-4282-A4BE-9FF2D1DE0D6A}.Release|Any CPU.Build.0 = Release|Any CPU
		{19A6F5B8-6312-48E3-8219-9EE1594D20BE}.Debug|Any CPU.ActiveCfg = Debug|Any CPU
		{19A6F5B8-6312-48E3-8219-9EE1594D20BE}.Debug|Any CPU.Build.0 = Debug|Any CPU
		{19A6F5B8-6312-48E3-8219-9EE1594D20BE}.Release|Any CPU.ActiveCfg = Release|Any CPU
		{19A6F5B8-6312-48E3-8219-9EE1594D20BE}.Release|Any CPU.Build.0 = Release|Any CPU
		{41320B8A-A72A-4264-B19C-8B5027BCF3E6}.Debug|Any CPU.ActiveCfg = Debug|Any CPU
		{41320B8A-A72A-4264-B19C-8B5027BCF3E6}.Debug|Any CPU.Build.0 = Debug|Any CPU
		{41320B8A-A72A-4264-B19C-8B5027BCF3E6}.Release|Any CPU.ActiveCfg = Release|Any CPU
		{41320B8A-A72A-4264-B19C-8B5027BCF3E6}.Release|Any CPU.Build.0 = Release|Any CPU
		{852F06FE-E03B-4BAD-BA4D-FEFC9D55D06B}.Debug|Any CPU.ActiveCfg = Debug|Any CPU
		{852F06FE-E03B-4BAD-BA4D-FEFC9D55D06B}.Debug|Any CPU.Build.0 = Debug|Any CPU
		{852F06FE-E03B-4BAD-BA4D-FEFC9D55D06B}.Release|Any CPU.ActiveCfg = Release|Any CPU
		{852F06FE-E03B-4BAD-BA4D-FEFC9D55D06B}.Release|Any CPU.Build.0 = Release|Any CPU
		{7B8398A6-899A-45C6-8E14-EF29E57AD9BF}.Debug|Any CPU.ActiveCfg = Debug|Any CPU
		{7B8398A6-899A-45C6-8E14-EF29E57AD9BF}.Debug|Any CPU.Build.0 = Debug|Any CPU
		{7B8398A6-899A-45C6-8E14-EF29E57AD9BF}.Release|Any CPU.ActiveCfg = Release|Any CPU
		{7B8398A6-899A-45C6-8E14-EF29E57AD9BF}.Release|Any CPU.Build.0 = Release|Any CPU
		{0E509F41-4731-47E6-899D-6269EA3C1E29}.Debug|Any CPU.ActiveCfg = Debug|Any CPU
		{0E509F41-4731-47E6-899D-6269EA3C1E29}.Debug|Any CPU.Build.0 = Debug|Any CPU
		{0E509F41-4731-47E6-899D-6269EA3C1E29}.Release|Any CPU.ActiveCfg = Release|Any CPU
		{0E509F41-4731-47E6-899D-6269EA3C1E29}.Release|Any CPU.Build.0 = Release|Any CPU
		{26CCBE5E-9E04-4644-BCB3-DCC66B2F856A}.Debug|Any CPU.ActiveCfg = Debug|Any CPU
		{26CCBE5E-9E04-4644-BCB3-DCC66B2F856A}.Debug|Any CPU.Build.0 = Debug|Any CPU
		{26CCBE5E-9E04-4644-BCB3-DCC66B2F856A}.Release|Any CPU.ActiveCfg = Release|Any CPU
		{26CCBE5E-9E04-4644-BCB3-DCC66B2F856A}.Release|Any CPU.Build.0 = Release|Any CPU
		{727DCE7C-1F7A-446D-A037-2100516D8093}.Debug|Any CPU.ActiveCfg = Debug|Any CPU
		{727DCE7C-1F7A-446D-A037-2100516D8093}.Debug|Any CPU.Build.0 = Debug|Any CPU
		{727DCE7C-1F7A-446D-A037-2100516D8093}.Release|Any CPU.ActiveCfg = Release|Any CPU
		{727DCE7C-1F7A-446D-A037-2100516D8093}.Release|Any CPU.Build.0 = Release|Any CPU
		{FC6FACD3-E56E-4982-9862-29AD9089DF58}.Debug|Any CPU.ActiveCfg = Debug|Any CPU
		{FC6FACD3-E56E-4982-9862-29AD9089DF58}.Debug|Any CPU.Build.0 = Debug|Any CPU
		{FC6FACD3-E56E-4982-9862-29AD9089DF58}.Release|Any CPU.ActiveCfg = Release|Any CPU
		{FC6FACD3-E56E-4982-9862-29AD9089DF58}.Release|Any CPU.Build.0 = Release|Any CPU
	EndGlobalSection
	GlobalSection(SolutionProperties) = preSolution
		HideSolutionNode = FALSE
	EndGlobalSection
	GlobalSection(ExtensibilityGlobals) = postSolution
		SolutionGuid = {5237E0F7-161B-4821-8A21-E7DBFD771235}
	EndGlobalSection
EndGlobal
